
Microsoft Visual Studio Solution File, Format Version 12.00
# Visual Studio 15
VisualStudioVersion = 15.0.27004.2010
MinimumVisualStudioVersion = 10.0.40219.1
Project("{FAE04EC0-301F-11D3-BF4B-00C04F79EFBC}") = "Code", "Code\Code.csproj", "{DCDF6141-3D0A-4B20-805D-C1F8B034C0D2}"
EndProject
Project("{FAE04EC0-301F-11D3-BF4B-00C04F79EFBC}") = "Tests", "Tests\Tests.csproj", "{370061E8-23D0-4FF9-BAAD-EFCA8FE44BB0}"
EndProject
Global
	GlobalSection(SolutionConfigurationPlatforms) = preSolution
		Debug|Any CPU = Debug|Any CPU
		Release|Any CPU = Release|Any CPU
	EndGlobalSection
	GlobalSection(ProjectConfigurationPlatforms) = postSolution
		{DCDF6141-3D0A-4B20-805D-C1F8B034C0D2}.Debug|Any CPU.ActiveCfg = Debug|Any CPU
		{DCDF6141-3D0A-4B20-805D-C1F8B034C0D2}.Debug|Any CPU.Build.0 = Debug|Any CPU
		{DCDF6141-3D0A-4B20-805D-C1F8B034C0D2}.Release|Any CPU.ActiveCfg = Release|Any CPU
		{DCDF6141-3D0A-4B20-805D-C1F8B034C0D2}.Release|Any CPU.Build.0 = Release|Any CPU
		{370061E8-23D0-4FF9-BAAD-EFCA8FE44BB0}.Debug|Any CPU.ActiveCfg = Debug|Any CPU
		{370061E8-23D0-4FF9-BAAD-EFCA8FE44BB0}.Debug|Any CPU.Build.0 = Debug|Any CPU
		{370061E8-23D0-4FF9-BAAD-EFCA8FE44BB0}.Release|Any CPU.ActiveCfg = Release|Any CPU
		{370061E8-23D0-4FF9-BAAD-EFCA8FE44BB0}.Release|Any CPU.Build.0 = Release|Any CPU
	EndGlobalSection
	GlobalSection(SolutionProperties) = preSolution
		HideSolutionNode = FALSE
	EndGlobalSection
	GlobalSection(ExtensibilityGlobals) = postSolution
		SolutionGuid = {EE1395AB-D8BE-4E53-9EF0-3F8D8411418D}
	EndGlobalSection
EndGlobal
